{
  "name": "@douglance/hotbox",
  "version": "0.2.0",
  "lockfileVersion": 3,
  "requires": true,
  "packages": {
    "": {
      "name": "@douglance/hotbox",
      "version": "0.2.0",
      "hasInstallScript": true,
      "license": "MIT",
      "bin": {
        "hotbox": "bin/hotbox"
      },
      "engines": {
        "bun": ">=1.1.0",
        "node": ">=18"
      }
    }
  }
}
